
Microsoft Visual Studio Solution File, Format Version 12.00
# Visual Studio Version 17
VisualStudioVersion = 17.13.35931.197 d17.13
MinimumVisualStudioVersion = 10.0.40219.1
Project("{FAE04EC0-301F-11D3-BF4B-00C04F79EFBC}") = "ClienteSOAP", "ClienteSOAP\ClienteSOAP.csproj", "{49AD3FDE-C00C-4E2E-BCB0-9823DBF82598}"
EndProject
Global
	GlobalSection(SolutionConfigurationPlatforms) = preSolution
		Debug|Any CPU = Debug|Any CPU
		Release|Any CPU = Release|Any CPU
	EndGlobalSection
	GlobalSection(ProjectConfigurationPlatforms) = postSolution
		{49AD3FDE-C00C-4E2E-BCB0-9823DBF82598}.Debug|Any CPU.ActiveCfg = Debug|Any CPU
		{49AD3FDE-C00C-4E2E-BCB0-9823DBF82598}.Debug|Any CPU.Build.0 = Debug|Any CPU
		{49AD3FDE-C00C-4E2E-BCB0-9823DBF82598}.Release|Any CPU.ActiveCfg = Release|Any CPU
		{49AD3FDE-C00C-4E2E-BCB0-9823DBF82598}.Release|Any CPU.Build.0 = Release|Any CPU
	EndGlobalSection
	GlobalSection(SolutionProperties) = preSolution
		HideSolutionNode = FALSE
	EndGlobalSection
	GlobalSection(ExtensibilityGlobals) = postSolution
		SolutionGuid = {8C3ADD2A-5C00-4E8C-8627-E9777D7E3EB9}
	EndGlobalSection
EndGlobal
